github.com/caltechlibrary/cli v0.0.16 h1:jgw6dZb3VDy9L5LrWWm1ieqHYAMKgcv+NF6osSj3YRM=
github.com/caltechlibrary/cli v0.0.16/go.mod h1:BVT+6d/QqcN4UApWR3ufjkkKj2O6+48B4G6iUpP8m38=
github.com/caltechlibrary/dotpath v0.0.2 h1:E3KHd5gNDSaHsbw2jG3XeEZvE2oZ6kRNIe5/+RGnwE8=
github.com/caltechlibrary/dotpath v0.0.2/go.mod h1:PjkHwEouoEUa4FrmG0I50k8fs8wXmrLvazHYBIoW4eQ=
github.com/caltechlibrary/rss2 v0.0.3 h1:mEzAsgCtMDv7NI9L/tHPBADMinYQy10HGXzws8dRw2Q=
github.com/caltechlibrary/rss2 v0.0.3/go.mod h1:WWvU7vz5KsaaCHlMskkebGnyZY7OcDWL05ySSxJV8ok=
github.com/caltechlibrary/tmplfn v0.0.18 h1:4xymDqNStT5S3aXETh+QTG8+JUwfaCN3dE/DljLmpQ4=
github.com/caltechlibrary/tmplfn v0.0.18/go.mod h1:TWdYP/x2Phg206b75YTA/oHHvDMrGMeOt7u5byMxWl4=
github.com/caltechlibrary/wsfn v0.0.2 h1:uZhwNln3QVPn6mJyLv1dYq8fHby1g0dWGK6FCKFfiq8=
github.com/caltechlibrary/wsfn v0.0.2/go.mod h1:PBlxRK3ab8qmBTT5lNwsJYuXXqjevJ+gJyfXxL5L2qk=
github.com/microcosm-cc/bluemonday v1.0.2 h1:5lPfLTTAvAbtS0VqT+94yOtFnGfUWYyx0+iToC3Os3s=
github.com/microcosm-cc/bluemonday v1.0.2/go.mod h1:iVP4YcDBq+n/5fb23BhYFvIMq/leAFZyRl6bYmGDlGc=
github.com/russross/blackfriday v2.0.0+incompatible h1:cBXrhZNUf9C+La9/YpS+UHpUT8YD6Td9ZMSU9APFcsk=
github.com/russross/blackfriday v2.0.0+incompatible/go.mod h1:JO/DiYxRf+HjHt06OyowR9PTA263kcR/rfWxYHBV53g=
github.com/shurcooL/sanitized_anchor_name v1.0.0 h1:PdmoCO6wvbs+7yrJyMORt4/BmY5IYyJwS/kOiWx8mHo=
github.com/shurcooL/sanitized_anchor_name v1.0.0/go.mod h1:1NzhyTcUVG4SuEtjjoZeVRXNmyL/1OwPU0+IJeTBvfc=
golang.org/x/crypto v0.0.0-20190320223903-b7391e95e576 h1:aUX/1G2gFSs4AsJJg2cL3HuoRhCSCz733FE5GUSuaT4=
golang.org/x/crypto v0.0.0-20190320223903-b7391e95e576/go.mod h1:djNgcEr1/C05ACkg1iLfiJU5Ep61QUkGW8qpdssI0+w=
golang.org/x/net v0.0.0-20181220203305-927f97764cc3 h1:eH6Eip3UpmR+yM/qI9Ijluzb1bNv/cAU/n+6l8tRSis=
golang.org/x/net v0.0.0-20181220203305-927f97764cc3/go.mod h1:mL1N/T3taQHkDXs73rZJwtUhF3w3ftmwwsq0BUmARs4=
golang.org/x/sys v0.0.0-20190215142949-d0b11bdaac8a/go.mod h1:STP8DvDyc/dI5b8T5hshtkjS+E42TnysNCUPdjciGhY=
